
Microsoft Visual Studio Solution File, Format Version 12.00
# Visual Studio 15
VisualStudioVersion = 15.0.28307.421
MinimumVisualStudioVersion = 10.0.40219.1
Project("{9092AA53-FB77-4645-B42D-1CCCA6BD08BD}") = "vacations-manager-frontend-api", "frontend-api\vacations-manager-frontend-api.njsproj", "{28382B7A-F92D-4E64-B759-E58D0F6D2D9D}"
EndProject
Global
	GlobalSection(SolutionConfigurationPlatforms) = preSolution
		Debug|Any CPU = Debug|Any CPU
		Release|Any CPU = Release|Any CPU
	EndGlobalSection
	GlobalSection(ProjectConfigurationPlatforms) = postSolution
		{28382B7A-F92D-4E64-B759-E58D0F6D2D9D}.Debug|Any CPU.ActiveCfg = Debug|Any CPU
		{28382B7A-F92D-4E64-B759-E58D0F6D2D9D}.Debug|Any CPU.Build.0 = Debug|Any CPU
		{28382B7A-F92D-4E64-B759-E58D0F6D2D9D}.Release|Any CPU.ActiveCfg = Release|Any CPU
		{28382B7A-F92D-4E64-B759-E58D0F6D2D9D}.Release|Any CPU.Build.0 = Release|Any CPU
	EndGlobalSection
	GlobalSection(SolutionProperties) = preSolution
		HideSolutionNode = FALSE
	EndGlobalSection
	GlobalSection(ExtensibilityGlobals) = postSolution
		SolutionGuid = {DADAAA67-0846-4EDF-8723-98136B94AB2C}
	EndGlobalSection
EndGlobal
